// !$*UTF8*$!
{
	archiveVersion = 1;
	classes = {
	};
	objectVersion = 50;
	objects = {

/* Begin PBXBuildFile section */
		A0F788492153C3F6000B97F6 /* AppDelegate.m in Sources */ = {isa = PBXBuildFile; fileRef = A0F788482153C3F6000B97F6 /* AppDelegate.m */; };
		A0F7884C2153C3F6000B97F6 /* ViewController.m in Sources */ = {isa = PBXBuildFile; fileRef = A0F7884B2153C3F6000B97F6 /* ViewController.m */; };
		A0F7884F2153C3F6000B97F6 /* Main.storyboard in Resources */ = {isa = PBXBuildFile; fileRef = A0F7884D2153C3F6000B97F6 /* Main.storyboard */; };
		A0F788512153C3F8000B97F6 /* Assets.xcassets in Resources */ = {isa = PBXBuildFile; fileRef = A0F788502153C3F8000B97F6 /* Assets.xcassets */; };
		A0F788542153C3F8000B97F6 /* LaunchScreen.storyboard in Resources */ = {isa = PBXBuildFile; fileRef = A0F788522153C3F8000B97F6 /* LaunchScreen.storyboard */; };
		A0F788572153C3F8000B97F6 /* main.m in Sources */ = {isa = PBXBuildFile; fileRef = A0F788562153C3F8000B97F6 /* main.m */; };
		A0F788612153C3F8000B97F6 /* appTests.m in Sources */ = {isa = PBXBuildFile; fileRef = A0F788602153C3F8000B97F6 /* appTests.m */; };
		A0F7886C2153C3F8000B97F6 /* appUITests.m in Sources */ = {isa = PBXBuildFile; fileRef = A0F7886B2153C3F8000B97F6 /* appUITests.m */; };
		A0F7887D2153D6C2000B97F6 /* MyTableVewCell.m in Sources */ = {isa = PBXBuildFile; fileRef = A0F7887C2153D6C2000B97F6 /* MyTableVewCell.m */; };
		A0F7887E2153D6C2000B97F6 /* MyTableVewCell.m in Sources */ = {isa = PBXBuildFile; fileRef = A0F7887C2153D6C2000B97F6 /* MyTableVewCell.m */; };
		A0F7887F2153D6C2000B97F6 /* MyTableVewCell.m in Sources */ = {isa = PBXBuildFile; fileRef = A0F7887C2153D6C2000B97F6 /* MyTableVewCell.m */; };
		A0F7888F21541598000B97F6 /* AFURLResponseSerialization.m in Sources */ = {isa = PBXBuildFile; fileRef = A0F7888521541598000B97F6 /* AFURLResponseSerialization.m */; };
		A0F7889021541598000B97F6 /* AFURLResponseSerialization.m in Sources */ = {isa = PBXBuildFile; fileRef = A0F7888521541598000B97F6 /* AFURLResponseSerialization.m */; };
		A0F7889121541598000B97F6 /* AFURLResponseSerialization.m in Sources */ = {isa = PBXBuildFile; fileRef = A0F7888521541598000B97F6 /* AFURLResponseSerialization.m */; };
		A0F7889221541598000B97F6 /* AFHTTPSessionManager.m in Sources */ = {isa = PBXBuildFile; fileRef = A0F7888621541598000B97F6 /* AFHTTPSessionManager.m */; };
		A0F7889321541598000B97F6 /* AFHTTPSessionManager.m in Sources */ = {isa = PBXBuildFile; fileRef = A0F7888621541598000B97F6 /* AFHTTPSessionManager.m */; };
		A0F7889421541598000B97F6 /* AFHTTPSessionManager.m in Sources */ = {isa = PBXBuildFile; fileRef = A0F7888621541598000B97F6 /* AFHTTPSessionManager.m */; };
		A0F7889521541598000B97F6 /* AFURLSessionManager.m in Sources */ = {isa = PBXBuildFile; fileRef = A0F7888821541598000B97F6 /* AFURLSessionManager.m */; };
		A0F7889621541598000B97F6 /* AFURLSessionManager.m in Sources */ = {isa = PBXBuildFile; fileRef = A0F7888821541598000B97F6 /* AFURLSessionManager.m */; };
		A0F7889721541598000B97F6 /* AFURLSessionManager.m in Sources */ = {isa = PBXBuildFile; fileRef = A0F7888821541598000B97F6 /* AFURLSessionManager.m */; };
		A0F7889821541598000B97F6 /* AFURLRequestSerialization.m in Sources */ = {isa = PBXBuildFile; fileRef = A0F7888921541598000B97F6 /* AFURLRequestSerialization.m */; };
		A0F7889921541598000B97F6 /* AFURLRequestSerialization.m in Sources */ = {isa = PBXBuildFile; fileRef = A0F7888921541598000B97F6 /* AFURLRequestSerialization.m */; };
		A0F7889A21541598000B97F6 /* AFURLRequestSerialization.m in Sources */ = {isa = PBXBuildFile; fileRef = A0F7888921541598000B97F6 /* AFURLRequestSerialization.m */; };
		A0F7889B21541598000B97F6 /* AFNetworkReachabilityManager.m in Sources */ = {isa = PBXBuildFile; fileRef = A0F7888B21541598000B97F6 /* AFNetworkReachabilityManager.m */; };
		A0F7889C21541598000B97F6 /* AFNetworkReachabilityManager.m in Sources */ = {isa = PBXBuildFile; fileRef = A0F7888B21541598000B97F6 /* AFNetworkReachabilityManager.m */; };
		A0F7889D21541598000B97F6 /* AFNetworkReachabilityManager.m in Sources */ = {isa = PBXBuildFile; fileRef = A0F7888B21541598000B97F6 /* AFNetworkReachabilityManager.m */; };
		A0F7889E21541598000B97F6 /* AFSecurityPolicy.m in Sources */ = {isa = PBXBuildFile; fileRef = A0F7888C21541598000B97F6 /* AFSecurityPolicy.m */; };
		A0F7889F21541598000B97F6 /* AFSecurityPolicy.m in Sources */ = {isa = PBXBuildFile; fileRef = A0F7888C21541598000B97F6 /* AFSecurityPolicy.m */; };
		A0F788A021541598000B97F6 /* AFSecurityPolicy.m in Sources */ = {isa = PBXBuildFile; fileRef = A0F7888C21541598000B97F6 /* AFSecurityPolicy.m */; };
/* End PBXBuildFile section */

/* Begin PBXContainerItemProxy section */
		A0F7885D2153C3F8000B97F6 /* PBXContainerItemProxy */ = {
			isa = PBXContainerItemProxy;
			containerPortal = A0F7883C2153C3F5000B97F6 /* Project object */;
			proxyType = 1;
			remoteGlobalIDString = A0F788432153C3F5000B97F6;
			remoteInfo = app;
		};
		A0F788682153C3F8000B97F6 /* PBXContainerItemProxy */ = {
			isa = PBXContainerItemProxy;
			containerPortal = A0F7883C2153C3F5000B97F6 /* Project object */;
			proxyType = 1;
			remoteGlobalIDString = A0F788432153C3F5000B97F6;
			remoteInfo = app;
		};
/* End PBXContainerItemProxy section */

/* Begin PBXFileReference section */
		A0F788442153C3F6000B97F6 /* app.app */ = {isa = PBXFileReference; explicitFileType = wrapper.application; includeInIndex = 0; path = app.app; sourceTree = BUILT_PRODUCTS_DIR; };
		A0F788472153C3F6000B97F6 /* AppDelegate.h */ = {isa = PBXFileReference; lastKnownFileType = sourcecode.c.h; path = AppDelegate.h; sourceTree = "<group>"; };
		A0F788482153C3F6000B97F6 /* AppDelegate.m */ = {isa = PBXFileReference; lastKnownFileType = sourcecode.c.objc; path = AppDelegate.m; sourceTree = "<group>"; };
		A0F7884A2153C3F6000B97F6 /* ViewController.h */ = {isa = PBXFileReference; lastKnownFileType = sourcecode.c.h; path = ViewController.h; sourceTree = "<group>"; };
		A0F7884B2153C3F6000B97F6 /* ViewController.m */ = {isa = PBXFileReference; lastKnownFileType = sourcecode.c.objc; path = ViewController.m; sourceTree = "<group>"; };
		A0F7884E2153C3F6000B97F6 /* Base */ = {isa = PBXFileReference; lastKnownFileType = file.storyboard; name = Base; path = Base.lproj/Main.storyboard; sourceTree = "<group>"; };
		A0F788502153C3F8000B97F6 /* Assets.xcassets */ = {isa = PBXFileReference; lastKnownFileType = folder.assetcatalog; path = Assets.xcassets; sourceTree = "<group>"; };
		A0F788532153C3F8000B97F6 /* Base */ = {isa = PBXFileReference; lastKnownFileType = file.storyboard; name = Base; path = Base.lproj/LaunchScreen.storyboard; sourceTree = "<group>"; };
		A0F788552153C3F8000B97F6 /* Info.plist */ = {isa = PBXFileReference; lastKnownFileType = text.plist.xml; path = Info.plist; sourceTree = "<group>"; };
		A0F788562153C3F8000B97F6 /* main.m */ = {isa = PBXFileReference; lastKnownFileType = sourcecode.c.objc; path = main.m; sourceTree = "<group>"; };
		A0F7885C2153C3F8000B97F6 /* appTests.xctest */ = {isa = PBXFileReference; explicitFileType = wrapper.cfbundle; includeInIndex = 0; path = appTests.xctest; sourceTree = BUILT_PRODUCTS_DIR; };
		A0F788602153C3F8000B97F6 /* appTests.m */ = {isa = PBXFileReference; lastKnownFileType = sourcecode.c.objc; path = appTests.m; sourceTree = "<group>"; };
		A0F788622153C3F8000B97F6 /* Info.plist */ = {isa = PBXFileReference; lastKnownFileType = text.plist.xml; path = Info.plist; sourceTree = "<group>"; };
		A0F788672153C3F8000B97F6 /* appUITests.xctest */ = {isa = PBXFileReference; explicitFileType = wrapper.cfbundle; includeInIndex = 0; path = appUITests.xctest; sourceTree = BUILT_PRODUCTS_DIR; };
		A0F7886B2153C3F8000B97F6 /* appUITests.m */ = {isa = PBXFileReference; lastKnownFileType = sourcecode.c.objc; path = appUITests.m; sourceTree = "<group>"; };
		A0F7886D2153C3F8000B97F6 /* Info.plist */ = {isa = PBXFileReference; lastKnownFileType = text.plist.xml; path = Info.plist; sourceTree = "<group>"; };
		A0F7887B2153D60F000B97F6 /* MyTableViewCell.h */ = {isa = PBXFileReference; lastKnownFileType = sourcecode.c.h; path = MyTableViewCell.h; sourceTree = "<group>"; };
		A0F7887C2153D6C2000B97F6 /* MyTableVewCell.m */ = {isa = PBXFileReference; fileEncoding = 4; lastKnownFileType = sourcecode.c.objc; path = MyTableVewCell.m; sourceTree = "<group>"; };
		A0F7888121541598000B97F6 /* AFSecurityPolicy.h */ = {isa = PBXFileReference; fileEncoding = 4; lastKnownFileType = sourcecode.c.h; path = AFSecurityPolicy.h; sourceTree = "<group>"; };
		A0F7888221541598000B97F6 /* AFNetworkReachabilityManager.h */ = {isa = PBXFileReference; fileEncoding = 4; lastKnownFileType = sourcecode.c.h; path = AFNetworkReachabilityManager.h; sourceTree = "<group>"; };
		A0F7888321541598000B97F6 /* AFURLSessionManager.h */ = {isa = PBXFileReference; fileEncoding = 4; lastKnownFileType = sourcecode.c.h; path = AFURLSessionManager.h; sourceTree = "<group>"; };
		A0F7888421541598000B97F6 /* AFURLRequestSerialization.h */ = {isa = PBXFileReference; fileEncoding = 4; lastKnownFileType = sourcecode.c.h; path = AFURLRequestSerialization.h; sourceTree = "<group>"; };
		A0F7888521541598000B97F6 /* AFURLResponseSerialization.m */ = {isa = PBXFileReference; fileEncoding = 4; lastKnownFileType = sourcecode.c.objc; path = AFURLResponseSerialization.m; sourceTree = "<group>"; };
		A0F7888621541598000B97F6 /* AFHTTPSessionManager.m */ = {isa = PBXFileReference; fileEncoding = 4; lastKnownFileType = sourcecode.c.objc; path = AFHTTPSessionManager.m; sourceTree = "<group>"; };
		A0F7888721541598000B97F6 /* AFURLResponseSerialization.h */ = {isa = PBXFileReference; fileEncoding = 4; lastKnownFileType = sourcecode.c.h; path = AFURLResponseSerialization.h; sourceTree = "<group>"; };
		A0F7888821541598000B97F6 /* AFURLSessionManager.m */ = {isa = PBXFileReference; fileEncoding = 4; lastKnownFileType = sourcecode.c.objc; path = AFURLSessionManager.m; sourceTree = "<group>"; };
		A0F7888921541598000B97F6 /* AFURLRequestSerialization.m */ = {isa = PBXFileReference; fileEncoding = 4; lastKnownFileType = sourcecode.c.objc; path = AFURLRequestSerialization.m; sourceTree = "<group>"; };
		A0F7888A21541598000B97F6 /* AFNetworking.h */ = {isa = PBXFileReference; fileEncoding = 4; lastKnownFileType = sourcecode.c.h; path = AFNetworking.h; sourceTree = "<group>"; };
		A0F7888B21541598000B97F6 /* AFNetworkReachabilityManager.m */ = {isa = PBXFileReference; fileEncoding = 4; lastKnownFileType = sourcecode.c.objc; path = AFNetworkReachabilityManager.m; sourceTree = "<group>"; };
		A0F7888C21541598000B97F6 /* AFSecurityPolicy.m */ = {isa = PBXFileReference; fileEncoding = 4; lastKnownFileType = sourcecode.c.objc; path = AFSecurityPolicy.m; sourceTree = "<group>"; };
		A0F7888D21541598000B97F6 /* AFCompatibilityMacros.h */ = {isa = PBXFileReference; fileEncoding = 4; lastKnownFileType = sourcecode.c.h; path = AFCompatibilityMacros.h; sourceTree = "<group>"; };
		A0F7888E21541598000B97F6 /* AFHTTPSessionManager.h */ = {isa = PBXFileReference; fileEncoding = 4; lastKnownFileType = sourcecode.c.h; path = AFHTTPSessionManager.h; sourceTree = "<group>"; };
/* End PBXFileReference section */

/* Begin PBXFrameworksBuildPhase section */
		A0F788412153C3F5000B97F6 /* Frameworks */ = {
			isa = PBXFrameworksBuildPhase;
			buildActionMask = 2147483647;
			files = (
			);
			runOnlyForDeploymentPostprocessing = 0;
		};
		A0F788592153C3F8000B97F6 /* Frameworks */ = {
			isa = PBXFrameworksBuildPhase;
			buildActionMask = 2147483647;
			files = (
			);
			runOnlyForDeploymentPostprocessing = 0;
		};
		A0F788642153C3F8000B97F6 /* Frameworks */ = {
			isa = PBXFrameworksBuildPhase;
			buildActionMask = 2147483647;
			files = (
			);
			runOnlyForDeploymentPostprocessing = 0;
		};
/* End PBXFrameworksBuildPhase section */

/* Begin PBXGroup section */
		A0F7883B2153C3F5000B97F6 = {
			isa = PBXGroup;
			children = (
				A0F788462153C3F6000B97F6 /* app */,
				A0F7885F2153C3F8000B97F6 /* appTests */,
				A0F7886A2153C3F8000B97F6 /* appUITests */,
				A0F788452153C3F6000B97F6 /* Products */,
			);
			sourceTree = "<group>";
		};
		A0F788452153C3F6000B97F6 /* Products */ = {
			isa = PBXGroup;
			children = (
				A0F788442153C3F6000B97F6 /* app.app */,
				A0F7885C2153C3F8000B97F6 /* appTests.xctest */,
				A0F788672153C3F8000B97F6 /* appUITests.xctest */,
			);
			name = Products;
			sourceTree = "<group>";
		};
		A0F788462153C3F6000B97F6 /* app */ = {
			isa = PBXGroup;
			children = (
				A0F7888021541598000B97F6 /* AFNetworking */,
				A0F788472153C3F6000B97F6 /* AppDelegate.h */,
				A0F788482153C3F6000B97F6 /* AppDelegate.m */,
				A0F7884A2153C3F6000B97F6 /* ViewController.h */,
				A0F7884B2153C3F6000B97F6 /* ViewController.m */,
				A0F7884D2153C3F6000B97F6 /* Main.storyboard */,
				A0F788502153C3F8000B97F6 /* Assets.xcassets */,
				A0F788522153C3F8000B97F6 /* LaunchScreen.storyboard */,
				A0F788552153C3F8000B97F6 /* Info.plist */,
				A0F788562153C3F8000B97F6 /* main.m */,
				A0F7887C2153D6C2000B97F6 /* MyTableVewCell.m */,
				A0F7887B2153D60F000B97F6 /* MyTableViewCell.h */,
			);
			path = app;
			sourceTree = "<group>";
		};
		A0F7885F2153C3F8000B97F6 /* appTests */ = {
			isa = PBXGroup;
			children = (
				A0F788602153C3F8000B97F6 /* appTests.m */,
				A0F788622153C3F8000B97F6 /* Info.plist */,
			);
			path = appTests;
			sourceTree = "<group>";
		};
		A0F7886A2153C3F8000B97F6 /* appUITests */ = {
			isa = PBXGroup;
			children = (
				A0F7886B2153C3F8000B97F6 /* appUITests.m */,
				A0F7886D2153C3F8000B97F6 /* Info.plist */,
			);
			path = appUITests;
			sourceTree = "<group>";
		};
		A0F7888021541598000B97F6 /* AFNetworking */ = {
			isa = PBXGroup;
			children = (
				A0F7888121541598000B97F6 /* AFSecurityPolicy.h */,
				A0F7888221541598000B97F6 /* AFNetworkReachabilityManager.h */,
				A0F7888321541598000B97F6 /* AFURLSessionManager.h */,
				A0F7888421541598000B97F6 /* AFURLRequestSerialization.h */,
				A0F7888521541598000B97F6 /* AFURLResponseSerialization.m */,
				A0F7888621541598000B97F6 /* AFHTTPSessionManager.m */,
				A0F7888721541598000B97F6 /* AFURLResponseSerialization.h */,
				A0F7888821541598000B97F6 /* AFURLSessionManager.m */,
				A0F7888921541598000B97F6 /* AFURLRequestSerialization.m */,
				A0F7888A21541598000B97F6 /* AFNetworking.h */,
				A0F7888B21541598000B97F6 /* AFNetworkReachabilityManager.m */,
				A0F7888C21541598000B97F6 /* AFSecurityPolicy.m */,
				A0F7888D21541598000B97F6 /* AFCompatibilityMacros.h */,
				A0F7888E21541598000B97F6 /* AFHTTPSessionManager.h */,
			);
			name = AFNetworking;
			path = "../../../../Downloads/AFNetworking-3.2.1/AFNetworking";
			sourceTree = "<group>";
		};
/* End PBXGroup section */

/* Begin PBXNativeTarget section */
		A0F788432153C3F5000B97F6 /* app */ = {
			isa = PBXNativeTarget;
			buildConfigurationList = A0F788702153C3F8000B97F6 /* Build configuration list for PBXNativeTarget "app" */;
			buildPhases = (
				A0F788402153C3F5000B97F6 /* Sources */,
				A0F788412153C3F5000B97F6 /* Frameworks */,
				A0F788422153C3F5000B97F6 /* Resources */,
			);
			buildRules = (
			);
			dependencies = (
			);
			name = app;
			productName = app;
			productReference = A0F788442153C3F6000B97F6 /* app.app */;
			productType = "com.apple.product-type.application";
		};
		A0F7885B2153C3F8000B97F6 /* appTests */ = {
			isa = PBXNativeTarget;
			buildConfigurationList = A0F788732153C3F8000B97F6 /* Build configuration list for PBXNativeTarget "appTests" */;
			buildPhases = (
				A0F788582153C3F8000B97F6 /* Sources */,
				A0F788592153C3F8000B97F6 /* Frameworks */,
				A0F7885A2153C3F8000B97F6 /* Resources */,
			);
			buildRules = (
			);
			dependencies = (
				A0F7885E2153C3F8000B97F6 /* PBXTargetDependency */,
			);
			name = appTests;
			productName = appTests;
			productReference = A0F7885C2153C3F8000B97F6 /* appTests.xctest */;
			productType = "com.apple.product-type.bundle.unit-test";
		};
		A0F788662153C3F8000B97F6 /* appUITests */ = {
			isa = PBXNativeTarget;
			buildConfigurationList = A0F788762153C3F8000B97F6 /* Build configuration list for PBXNativeTarget "appUITests" */;
			buildPhases = (
				A0F788632153C3F8000B97F6 /* Sources */,
				A0F788642153C3F8000B97F6 /* Frameworks */,
				A0F788652153C3F8000B97F6 /* Resources */,
			);
			buildRules = (
			);
			dependencies = (
				A0F788692153C3F8000B97F6 /* PBXTargetDependency */,
			);
			name = appUITests;
			productName = appUITests;
			productReference = A0F788672153C3F8000B97F6 /* appUITests.xctest */;
			productType = "com.apple.product-type.bundle.ui-testing";
		};
/* End PBXNativeTarget section */

/* Begin PBXProject section */
		A0F7883C2153C3F5000B97F6 /* Project object */ = {
			isa = PBXProject;
			attributes = {
				LastUpgradeCheck = 1000;
				ORGANIZATIONNAME = ibetame;
				TargetAttributes = {
					A0F788432153C3F5000B97F6 = {
						CreatedOnToolsVersion = 10.0;
					};
					A0F7885B2153C3F8000B97F6 = {
						CreatedOnToolsVersion = 10.0;
						TestTargetID = A0F788432153C3F5000B97F6;
					};
					A0F788662153C3F8000B97F6 = {
						CreatedOnToolsVersion = 10.0;
						TestTargetID = A0F788432153C3F5000B97F6;
					};
				};
			};
			buildConfigurationList = A0F7883F2153C3F5000B97F6 /* Build configuration list for PBXProject "app" */;
			compatibilityVersion = "Xcode 9.3";
			developmentRegion = en;
			hasScannedForEncodings = 0;
			knownRegions = (
				en,
				Base,
			);
			mainGroup = A0F7883B2153C3F5000B97F6;
			productRefGroup = A0F788452153C3F6000B97F6 /* Products */;
			projectDirPath = "";
			projectRoot = "";
			targets = (
				A0F788432153C3F5000B97F6 /* app */,
				A0F7885B2153C3F8000B97F6 /* appTests */,
				A0F788662153C3F8000B97F6 /* appUITests */,
			);
		};
/* End PBXProject section */

/* Begin PBXResourcesBuildPhase section */
		A0F788422153C3F5000B97F6 /* Resources */ = {
			isa = PBXResourcesBuildPhase;
			buildActionMask = 2147483647;
			files = (
				A0F788542153C3F8000B97F6 /* LaunchScreen.storyboard in Resources */,
				A0F788512153C3F8000B97F6 /* Assets.xcassets in Resources */,
				A0F7884F2153C3F6000B97F6 /* Main.storyboard in Resources */,
			);
			runOnlyForDeploymentPostprocessing = 0;
		};
		A0F7885A2153C3F8000B97F6 /* Resources */ = {
			isa = PBXResourcesBuildPhase;
			buildActionMask = 2147483647;
			files = (
			);
			runOnlyForDeploymentPostprocessing = 0;
		};
		A0F788652153C3F8000B97F6 /* Resources */ = {
			isa = PBXResourcesBuildPhase;
			buildActionMask = 2147483647;
			files = (
			);
			runOnlyForDeploymentPostprocessing = 0;
		};
/* End PBXResourcesBuildPhase section */

/* Begin PBXSourcesBuildPhase section */
		A0F788402153C3F5000B97F6 /* Sources */ = {
			isa = PBXSourcesBuildPhase;
			buildActionMask = 2147483647;
			files = (
				A0F7884C2153C3F6000B97F6 /* ViewController.m in Sources */,
				A0F7889B21541598000B97F6 /* AFNetworkReachabilityManager.m in Sources */,
				A0F788572153C3F8000B97F6 /* main.m in Sources */,
				A0F788492153C3F6000B97F6 /* AppDelegate.m in Sources */,
				A0F7889521541598000B97F6 /* AFURLSessionManager.m in Sources */,
				A0F7889221541598000B97F6 /* AFHTTPSessionManager.m in Sources */,
				A0F7889E21541598000B97F6 /* AFSecurityPolicy.m in Sources */,
				A0F7887D2153D6C2000B97F6 /* MyTableVewCell.m in Sources */,
				A0F7888F21541598000B97F6 /* AFURLResponseSerialization.m in Sources */,
				A0F7889821541598000B97F6 /* AFURLRequestSerialization.m in Sources */,
			);
			runOnlyForDeploymentPostprocessing = 0;
		};
		A0F788582153C3F8000B97F6 /* Sources */ = {
			isa = PBXSourcesBuildPhase;
			buildActionMask = 2147483647;
			files = (
				A0F7889621541598000B97F6 /* AFURLSessionManager.m in Sources */,
				A0F788612153C3F8000B97F6 /* appTests.m in Sources */,
				A0F7889021541598000B97F6 /* AFURLResponseSerialization.m in Sources */,
				A0F7889C21541598000B97F6 /* AFNetworkReachabilityManager.m in Sources */,
				A0F7889F21541598000B97F6 /* AFSecurityPolicy.m in Sources */,
				A0F7889921541598000B97F6 /* AFURLRequestSerialization.m in Sources */,
				A0F7887E2153D6C2000B97F6 /* MyTableVewCell.m in Sources */,
				A0F7889321541598000B97F6 /* AFHTTPSessionManager.m in Sources */,
			);
			runOnlyForDeploymentPostprocessing = 0;
		};
		A0F788632153C3F8000B97F6 /* Sources */ = {
			isa = PBXSourcesBuildPhase;
			buildActionMask = 2147483647;
			files = (
				A0F7889721541598000B97F6 /* AFURLSessionManager.m in Sources */,
				A0F7886C2153C3F8000B97F6 /* appUITests.m in Sources */,
				A0F7889121541598000B97F6 /* AFURLResponseSerialization.m in Sources */,
				A0F7889D21541598000B97F6 /* AFNetworkReachabilityManager.m in Sources */,
				A0F788A021541598000B97F6 /* AFSecurityPolicy.m in Sources */,
				A0F7889A21541598000B97F6 /* AFURLRequestSerialization.m in Sources */,
				A0F7887F2153D6C2000B97F6 /* MyTableVewCell.m in Sources */,
				A0F7889421541598000B97F6 /* AFHTTPSessionManager.m in Sources */,
			);
			runOnlyForDeploymentPostprocessing = 0;
		};
/* End PBXSourcesBuildPhase section */

/* Begin PBXTargetDependency section */
		A0F7885E2153C3F8000B97F6 /* PBXTargetDependency */ = {
			isa = PBXTargetDependency;
			target = A0F788432153C3F5000B97F6 /* app */;
			targetProxy = A0F7885D2153C3F8000B97F6 /* PBXContainerItemProxy */;
		};
		A0F788692153C3F8000B97F6 /* PBXTargetDependency */ = {
			isa = PBXTargetDependency;
			target = A0F788432153C3F5000B97F6 /* app */;
			targetProxy = A0F788682153C3F8000B97F6 /* PBXContainerItemProxy */;
		};
/* End PBXTargetDependency section */

/* Begin PBXVariantGroup section */
		A0F7884D2153C3F6000B97F6 /* Main.storyboard */ = {
			isa = PBXVariantGroup;
			children = (
				A0F7884E2153C3F6000B97F6 /* Base */,
			);
			name = Main.storyboard;
			sourceTree = "<group>";
		};
		A0F788522153C3F8000B97F6 /* LaunchScreen.storyboard */ = {
			isa = PBXVariantGroup;
			children = (
				A0F788532153C3F8000B97F6 /* Base */,
			);
			name = LaunchScreen.storyboard;
			sourceTree = "<group>";
		};
/* End PBXVariantGroup section */

/* Begin XCBuildConfiguration section */
		A0F7886E2153C3F8000B97F6 /* Debug */ = {
			isa = XCBuildConfiguration;
			buildSettings = {
				ALWAYS_SEARCH_USER_PATHS = NO;
				CLANG_ANALYZER_NONNULL = YES;
				CLANG_ANALYZER_NUMBER_OBJECT_CONVERSION = YES_AGGRESSIVE;
				CLANG_CXX_LANGUAGE_STANDARD = "gnu++14";
				CLANG_CXX_LIBRARY = "libc++";
				CLANG_ENABLE_MODULES = YES;
				CLANG_ENABLE_OBJC_ARC = YES;
				CLANG_ENABLE_OBJC_WEAK = YES;
				CLANG_WARN_BLOCK_CAPTURE_AUTORELEASING = YES;
				CLANG_WARN_BOOL_CONVERSION = YES;
				CLANG_WARN_COMMA = YES;
				CLANG_WARN_CONSTANT_CONVERSION = YES;
				CLANG_WARN_DEPRECATED_OBJC_IMPLEMENTATIONS = YES;
				CLANG_WARN_DIRECT_OBJC_ISA_USAGE = YES_ERROR;
				CLANG_WARN_DOCUMENTATION_COMMENTS = YES;
				CLANG_WARN_EMPTY_BODY = YES;
				CLANG_WARN_ENUM_CONVERSION = YES;
				CLANG_WARN_INFINITE_RECURSION = YES;
				CLANG_WARN_INT_CONVERSION = YES;
				CLANG_WARN_NON_LITERAL_NULL_CONVERSION = YES;
				CLANG_WARN_OBJC_IMPLICIT_RETAIN_SELF = YES;
				CLANG_WARN_OBJC_LITERAL_CONVERSION = YES;
				CLANG_WARN_OBJC_ROOT_CLASS = YES_ERROR;
				CLANG_WARN_RANGE_LOOP_ANALYSIS = YES;
				CLANG_WARN_STRICT_PROTOTYPES = YES;
				CLANG_WARN_SUSPICIOUS_MOVE = YES;
				CLANG_WARN_UNGUARDED_AVAILABILITY = YES_AGGRESSIVE;
				CLANG_WARN_UNREACHABLE_CODE = YES;
				CLANG_WARN__DUPLICATE_METHOD_MATCH = YES;
				CODE_SIGN_IDENTITY = "iPhone Developer";
				COPY_PHASE_STRIP = NO;
				DEBUG_INFORMATION_FORMAT = dwarf;
				ENABLE_STRICT_OBJC_MSGSEND = YES;
				ENABLE_TESTABILITY = YES;
				GCC_C_LANGUAGE_STANDARD = gnu11;
				GCC_DYNAMIC_NO_PIC = NO;
				GCC_NO_COMMON_BLOCKS = YES;
				GCC_OPTIMIZATION_LEVEL = 0;
				GCC_PREPROCESSOR_DEFINITIONS = (
					"DEBUG=1",
					"$(inherited)",
				);
				GCC_WARN_64_TO_32_BIT_CONVERSION = YES;
				GCC_WARN_ABOUT_RETURN_TYPE = YES_ERROR;
				GCC_WARN_UNDECLARED_SELECTOR = YES;
				GCC_WARN_UNINITIALIZED_AUTOS = YES_AGGRESSIVE;
				GCC_WARN_UNUSED_FUNCTION = YES;
				GCC_WARN_UNUSED_VARIABLE = YES;
				IPHONEOS_DEPLOYMENT_TARGET = 12.0;
				MTL_ENABLE_DEBUG_INFO = INCLUDE_SOURCE;
				MTL_FAST_MATH = YES;
				ONLY_ACTIVE_ARCH = YES;
				SDKROOT = iphoneos;
			};
			name = Debug;
		};
		A0F7886F2153C3F8000B97F6 /* Release */ = {
			isa = XCBuildConfiguration;
			buildSettings = {
				ALWAYS_SEARCH_USER_PATHS = NO;
				CLANG_ANALYZER_NONNULL = YES;
				CLANG_ANALYZER_NUMBER_OBJECT_CONVERSION = YES_AGGRESSIVE;
				CLANG_CXX_LANGUAGE_STANDARD = "gnu++14";
				CLANG_CXX_LIBRARY = "libc++";
				CLANG_ENABLE_MODULES = YES;
				CLANG_ENABLE_OBJC_ARC = YES;
				CLANG_ENABLE_OBJC_WEAK = YES;
				CLANG_WARN_BLOCK_CAPTURE_AUTORELEASING = YES;
				CLANG_WARN_BOOL_CONVERSION = YES;
				CLANG_WARN_COMMA = YES;
				CLANG_WARN_CONSTANT_CONVERSION = YES;
				CLANG_WARN_DEPRECATED_OBJC_IMPLEMENTATIONS = YES;
				CLANG_WARN_DIRECT_OBJC_ISA_USAGE = YES_ERROR;
				CLANG_WARN_DOCUMENTATION_COMMENTS = YES;
				CLANG_WARN_EMPTY_BODY = YES;
				CLANG_WARN_ENUM_CONVERSION = YES;
				CLANG_WARN_INFINITE_RECURSION = YES;
				CLANG_WARN_INT_CONVERSION = YES;
				CLANG_WARN_NON_LITERAL_NULL_CONVERSION = YES;
				CLANG_WARN_OBJC_IMPLICIT_RETAIN_SELF = YES;
				CLANG_WARN_OBJC_LITERAL_CONVERSION = YES;
				CLANG_WARN_OBJC_ROOT_CLASS = YES_ERROR;
				CLANG_WARN_RANGE_LOOP_ANALYSIS = YES;
				CLANG_WARN_STRICT_PROTOTYPES = YES;
				CLANG_WARN_SUSPICIOUS_MOVE = YES;
				CLANG_WARN_UNGUARDED_AVAILABILITY = YES_AGGRESSIVE;
				CLANG_WARN_UNREACHABLE_CODE = YES;
				CLANG_WARN__DUPLICATE_METHOD_MATCH = YES;
				CODE_SIGN_IDENTITY = "iPhone Developer";
				COPY_PHASE_STRIP = NO;
				DEBUG_INFORMATION_FORMAT = "dwarf-with-dsym";
				ENABLE_NS_ASSERTIONS = NO;
				ENABLE_STRICT_OBJC_MSGSEND = YES;
				GCC_C_LANGUAGE_STANDARD = gnu11;
				GCC_NO_COMMON_BLOCKS = YES;
				GCC_WARN_64_TO_32_BIT_CONVERSION = YES;
				GCC_WARN_ABOUT_RETURN_TYPE = YES_ERROR;
				GCC_WARN_UNDECLARED_SELECTOR = YES;
				GCC_WARN_UNINITIALIZED_AUTOS = YES_AGGRESSIVE;
				GCC_WARN_UNUSED_FUNCTION = YES;
				GCC_WARN_UNUSED_VARIABLE = YES;
				IPHONEOS_DEPLOYMENT_TARGET = 12.0;
				MTL_ENABLE_DEBUG_INFO = NO;
				MTL_FAST_MATH = YES;
				SDKROOT = iphoneos;
				VALIDATE_PRODUCT = YES;
			};
			name = Release;
		};
		A0F788712153C3F8000B97F6 /* Debug */ = {
			isa = XCBuildConfiguration;
			buildSettings = {
				ASSETCATALOG_COMPILER_APPICON_NAME = AppIcon;
				CODE_SIGN_STYLE = Automatic;
				INFOPLIST_FILE = app/Info.plist;
				LD_RUNPATH_SEARCH_PATHS = (
					"$(inherited)",
					"@executable_path/Frameworks",
				);
				PRODUCT_BUNDLE_IDENTIFIER = me.ibeta.app;
				PRODUCT_NAME = "$(TARGET_NAME)";
				TARGETED_DEVICE_FAMILY = "1,2";
			};
			name = Debug;
		};
		A0F788722153C3F8000B97F6 /* Release */ = {
			isa = XCBuildConfiguration;
			buildSettings = {
				ASSETCATALOG_COMPILER_APPICON_NAME = AppIcon;
				CODE_SIGN_STYLE = Automatic;
				INFOPLIST_FILE = app/Info.plist;
				LD_RUNPATH_SEARCH_PATHS = (
					"$(inherited)",
					"@executable_path/Frameworks",
				);
				PRODUCT_BUNDLE_IDENTIFIER = me.ibeta.app;
				PRODUCT_NAME = "$(TARGET_NAME)";
				TARGETED_DEVICE_FAMILY = "1,2";
			};
			name = Release;
		};
		A0F788742153C3F8000B97F6 /* Debug */ = {
			isa = XCBuildConfiguration;
			buildSettings = {
				BUNDLE_LOADER = "$(TEST_HOST)";
				CODE_SIGN_STYLE = Automatic;
				INFOPLIST_FILE = appTests/Info.plist;
				LD_RUNPATH_SEARCH_PATHS = (
					"$(inherited)",
					"@executable_path/Frameworks",
					"@loader_path/Frameworks",
				);
				PRODUCT_BUNDLE_IDENTIFIER = me.ibeta.appTests;
				PRODUCT_NAME = "$(TARGET_NAME)";
				TARGETED_DEVICE_FAMILY = "1,2";
				TEST_HOST = "$(BUILT_PRODUCTS_DIR)/app.app/app";
			};
			name = Debug;
		};
		A0F788752153C3F8000B97F6 /* Release */ = {
			isa = XCBuildConfiguration;
			buildSettings = {
				BUNDLE_LOADER = "$(TEST_HOST)";
				CODE_SIGN_STYLE = Automatic;
				INFOPLIST_FILE = appTests/Info.plist;
				LD_RUNPATH_SEARCH_PATHS = (
					"$(inherited)",
					"@executable_path/Frameworks",
					"@loader_path/Frameworks",
				);
				PRODUCT_BUNDLE_IDENTIFIER = me.ibeta.appTests;
				PRODUCT_NAME = "$(TARGET_NAME)";
				TARGETED_DEVICE_FAMILY = "1,2";
				TEST_HOST = "$(BUILT_PRODUCTS_DIR)/app.app/app";
			};
			name = Release;
		};
		A0F788772153C3F8000B97F6 /* Debug */ = {
			isa = XCBuildConfiguration;
			buildSettings = {
				CODE_SIGN_STYLE = Automatic;
				INFOPLIST_FILE = appUITests/Info.plist;
				LD_RUNPATH_SEARCH_PATHS = (
					"$(inherited)",
					"@executable_path/Frameworks",
					"@loader_path/Frameworks",
				);
				PRODUCT_BUNDLE_IDENTIFIER = me.ibeta.appUITests;
				PRODUCT_NAME = "$(TARGET_NAME)";
				TARGETED_DEVICE_FAMILY = "1,2";
				TEST_TARGET_NAME = app;
			};
			name = Debug;
		};
		A0F788782153C3F8000B97F6 /* Release */ = {
			isa = XCBuildConfiguration;
			buildSettings = {
				CODE_SIGN_STYLE = Automatic;
				INFOPLIST_FILE = appUITests/Info.plist;
				LD_RUNPATH_SEARCH_PATHS = (
					"$(inherited)",
					"@executable_path/Frameworks",
					"@loader_path/Frameworks",
				);
				PRODUCT_BUNDLE_IDENTIFIER = me.ibeta.appUITests;
				PRODUCT_NAME = "$(TARGET_NAME)";
				TARGETED_DEVICE_FAMILY = "1,2";
				TEST_TARGET_NAME = app;
			};
			name = Release;
		};
/* End XCBuildConfiguration section */

/* Begin XCConfigurationList section */
		A0F7883F2153C3F5000B97F6 /* Build configuration list for PBXProject "app" */ = {
			isa = XCConfigurationList;
			buildConfigurations = (
				A0F7886E2153C3F8000B97F6 /* Debug */,
				A0F7886F2153C3F8000B97F6 /* Release */,
			);
			defaultConfigurationIsVisible = 0;
			defaultConfigurationName = Release;
		};
		A0F788702153C3F8000B97F6 /* Build configuration list for PBXNativeTarget "app" */ = {
			isa = XCConfigurationList;
			buildConfigurations = (
				A0F788712153C3F8000B97F6 /* Debug */,
				A0F788722153C3F8000B97F6 /* Release */,
			);
			defaultConfigurationIsVisible = 0;
			defaultConfigurationName = Release;
		};
		A0F788732153C3F8000B97F6 /* Build configuration list for PBXNativeTarget "appTests" */ = {
			isa = XCConfigurationList;
			buildConfigurations = (
				A0F788742153C3F8000B97F6 /* Debug */,
				A0F788752153C3F8000B97F6 /* Release */,
			);
			defaultConfigurationIsVisible = 0;
			defaultConfigurationName = Release;
		};
		A0F788762153C3F8000B97F6 /* Build configuration list for PBXNativeTarget "appUITests" */ = {
			isa = XCConfigurationList;
			buildConfigurations = (
				A0F788772153C3F8000B97F6 /* Debug */,
				A0F788782153C3F8000B97F6 /* Release */,
			);
			defaultConfigurationIsVisible = 0;
			defaultConfigurationName = Release;
		};
/* End XCConfigurationList section */
	};
	rootObject = A0F7883C2153C3F5000B97F6 /* Project object */;
}
